
Microsoft Visual Studio Solution File, Format Version 12.00
# Visual Studio Version 17
VisualStudioVersion = 17.0.32014.148
MinimumVisualStudioVersion = 10.0.40219.1
Project("{FAE04EC0-301F-11D3-BF4B-00C04F79EFBC}") = "dashboard", "dashboard\dashboard.csproj", "{655AD244-2CC8-4451-82CE-98571BA8FD8A}"
EndProject
Global
	GlobalSection(SolutionConfigurationPlatforms) = preSolution
		Debug|Any CPU = Debug|Any CPU
		Release|Any CPU = Release|Any CPU
	EndGlobalSection
	GlobalSection(ProjectConfigurationPlatforms) = postSolution
		{655AD244-2CC8-4451-82CE-98571BA8FD8A}.Debug|Any CPU.ActiveCfg = Debug|Any CPU
		{655AD244-2CC8-4451-82CE-98571BA8FD8A}.Debug|Any CPU.Build.0 = Debug|Any CPU
		{655AD244-2CC8-4451-82CE-98571BA8FD8A}.Release|Any CPU.ActiveCfg = Release|Any CPU
		{655AD244-2CC8-4451-82CE-98571BA8FD8A}.Release|Any CPU.Build.0 = Release|Any CPU
	EndGlobalSection
	GlobalSection(SolutionProperties) = preSolution
		HideSolutionNode = FALSE
	EndGlobalSection
	GlobalSection(ExtensibilityGlobals) = postSolution
		SolutionGuid = {0BAFFA00-7E5F-470F-AC3A-0C68CB2616CA}
	EndGlobalSection
EndGlobal
